{
  "version": 4,
  "terraform_version": "0.12.20",
  "serial": 19,
  "lineage": "e8264f89-2b08-15ca-12e1-7dbb5d277dec",
  "outputs": {},
  "resources": [
    {
      "mode": "data",
      "type": "azurerm_subscription",
      "name": "primary",
      "provider": "provider.azurerm",
      "instances": [
        {
          "schema_version": 0,
          "attributes": {
            "display_name": "Azure subscription 1",
            "id": "/subscriptions/285751f1-9dc0-436a-afb2-768c82ecaf4f",
            "location_placement_id": "Public_2014-09-01",
            "quota_id": "PayAsYouGo_2014-09-01",
            "spending_limit": "Off",
            "state": "Enabled",
            "subscription_id": "285751f1-9dc0-436a-afb2-768c82ecaf4f"
          }
        }
      ]
    },
    {
      "mode": "managed",
      "type": "azurerm_network_interface",
      "name": "local_nic",
      "provider": "provider.azurerm",
      "instances": [
        {
          "schema_version": 0,
          "attributes": {
            "applied_dns_servers": [],
            "dns_servers": [],
            "enable_accelerated_networking": false,
            "enable_ip_forwarding": false,
            "id": "/subscriptions/285751f1-9dc0-436a-afb2-768c82ecaf4f/resourceGroups/demoDevOps_RG/providers/Microsoft.Network/networkInterfaces/nic1",
            "internal_dns_name_label": "",
            "internal_fqdn": "",
            "ip_configuration": [
              {
                "application_gateway_backend_address_pools_ids": [],
                "application_security_group_ids": [],
                "load_balancer_backend_address_pools_ids": [],
                "load_balancer_inbound_nat_rules_ids": [],
                "name": "instance1",
                "primary": true,
                "private_ip_address": "",
                "private_ip_address_allocation": "dynamic",
                "private_ip_address_version": "IPv4",
                "public_ip_address_id": "/subscriptions/285751f1-9dc0-436a-afb2-768c82ecaf4f/resourceGroups/demoDevOps_RG/providers/Microsoft.Network/publicIPAddresses/instance1-public-ip",
                "subnet_id": "/subscriptions/285751f1-9dc0-436a-afb2-768c82ecaf4f/resourceGroups/demoDevOps_RG/providers/Microsoft.Network/virtualNetworks/VPC_TF/subnets/subnet1"
              }
            ],
            "location": "northeurope",
            "mac_address": "00-0D-3A-B6-A0-08",
            "name": "nic1",
            "network_security_group_id": "/subscriptions/285751f1-9dc0-436a-afb2-768c82ecaf4f/resourceGroups/demoDevOps_RG/providers/Microsoft.Network/networkSecurityGroups/allow-ssh-web",
            "private_ip_address": "10.0.0.4",
            "private_ip_addresses": [
              "10.0.0.4"
            ],
            "resource_group_name": "demoDevOps_RG",
            "tags": {},
            "virtual_machine_id": "/subscriptions/285751f1-9dc0-436a-afb2-768c82ecaf4f/resourceGroups/demoDevOps_RG/providers/Microsoft.Compute/virtualMachines/VM1"
          },
          "dependencies": [
            "azurerm_network_security_group.local_nsg",
            "azurerm_public_ip.local_public_ip",
            "azurerm_resource_group.local_resource_group",
            "azurerm_subnet.local_subnet_1"
          ]
        }
      ]
    },
    {
      "mode": "managed",
      "type": "azurerm_network_security_group",
      "name": "local_nsg",
      "provider": "provider.azurerm",
      "instances": [
        {
          "schema_version": 0,
          "attributes": {
            "id": "/subscriptions/285751f1-9dc0-436a-afb2-768c82ecaf4f/resourceGroups/demoDevOps_RG/providers/Microsoft.Network/networkSecurityGroups/allow-ssh-web",
            "location": "northeurope",
            "name": "allow-ssh-web",
            "resource_group_name": "demoDevOps_RG",
            "security_rule": [
              {
                "access": "Allow",
                "description": "",
                "destination_address_prefix": "*",
                "destination_address_prefixes": [],
                "destination_application_security_group_ids": [],
                "destination_port_range": "22",
                "destination_port_ranges": [],
                "direction": "Inbound",
                "name": "SSH",
                "priority": 1001,
                "protocol": "Tcp",
                "source_address_prefix": "*",
                "source_address_prefixes": [],
                "source_application_security_group_ids": [],
                "source_port_range": "*",
                "source_port_ranges": []
              },
              {
                "access": "Allow",
                "description": "",
                "destination_address_prefix": "*",
                "destination_address_prefixes": [],
                "destination_application_security_group_ids": [],
                "destination_port_range": "80",
                "destination_port_ranges": [],
                "direction": "Inbound",
                "name": "HTTP",
                "priority": 1002,
                "protocol": "Tcp",
                "source_address_prefix": "*",
                "source_address_prefixes": [],
                "source_application_security_group_ids": [],
                "source_port_range": "*",
                "source_port_ranges": []
              },
              {
                "access": "Allow",
                "description": "",
                "destination_address_prefix": "*",
                "destination_address_prefixes": [],
                "destination_application_security_group_ids": [],
                "destination_port_range": "8080",
                "destination_port_ranges": [],
                "direction": "Inbound",
                "name": "HTTPS",
                "priority": 1003,
                "protocol": "Tcp",
                "source_address_prefix": "*",
                "source_address_prefixes": [],
                "source_application_security_group_ids": [],
                "source_port_range": "*",
                "source_port_ranges": []
              }
            ],
            "tags": {}
          },
          "dependencies": [
            "azurerm_resource_group.local_resource_group"
          ]
        }
      ]
    },
    {
      "mode": "managed",
      "type": "azurerm_public_ip",
      "name": "local_public_ip",
      "provider": "provider.azurerm",
      "instances": [
        {
          "schema_version": 0,
          "attributes": {
            "allocation_method": "Dynamic",
            "domain_name_label": null,
            "fqdn": null,
            "id": "/subscriptions/285751f1-9dc0-436a-afb2-768c82ecaf4f/resourceGroups/demoDevOps_RG/providers/Microsoft.Network/publicIPAddresses/instance1-public-ip",
            "idle_timeout_in_minutes": 4,
            "ip_address": "13.79.23.13",
            "ip_version": "IPv4",
            "location": "northeurope",
            "name": "instance1-public-ip",
            "public_ip_address_allocation": "Dynamic",
            "public_ip_prefix_id": null,
            "resource_group_name": "demoDevOps_RG",
            "reverse_fqdn": null,
            "sku": "Basic",
            "tags": {},
            "zones": []
          },
          "dependencies": [
            "azurerm_resource_group.local_resource_group"
          ]
        }
      ]
    },
    {
      "mode": "managed",
      "type": "azurerm_resource_group",
      "name": "local_resource_group",
      "provider": "provider.azurerm",
      "instances": [
        {
          "schema_version": 0,
          "attributes": {
            "id": "/subscriptions/285751f1-9dc0-436a-afb2-768c82ecaf4f/resourceGroups/demoDevOps_RG",
            "location": "northeurope",
            "name": "demoDevOps_RG",
            "tags": {}
          }
        }
      ]
    },
    {
      "mode": "managed",
      "type": "azurerm_role_assignment",
      "name": "blobrw_assignment",
      "provider": "provider.azurerm",
      "instances": [
        {
          "schema_version": 0,
          "attributes": {
            "id": "/subscriptions/285751f1-9dc0-436a-afb2-768c82ecaf4f/providers/Microsoft.Authorization/roleAssignments/2ec9b07d-5060-3d21-195c-fbd9212545e2",
            "name": "2ec9b07d-5060-3d21-195c-fbd9212545e2",
            "principal_id": "0932eff1-8faf-4756-a4e7-cb1452829473",
            "role_definition_id": "/subscriptions/285751f1-9dc0-436a-afb2-768c82ecaf4f/providers/Microsoft.Authorization/roleDefinitions/d559d72b-06ec-324e-2a03-d209ae855386",
            "role_definition_name": "access-to-azure-blob",
            "scope": "/subscriptions/285751f1-9dc0-436a-afb2-768c82ecaf4f"
          },
          "dependencies": [
            "azurerm_role_definition.blobrw",
            "azurerm_virtual_machine.local_VM1"
          ]
        }
      ]
    },
    {
      "mode": "managed",
      "type": "azurerm_role_definition",
      "name": "blobrw",
      "provider": "provider.azurerm",
      "instances": [
        {
          "schema_version": 0,
          "attributes": {
            "assignable_scopes": [
              "/subscriptions/285751f1-9dc0-436a-afb2-768c82ecaf4f"
            ],
            "description": "",
            "id": "/subscriptions/285751f1-9dc0-436a-afb2-768c82ecaf4f/providers/Microsoft.Authorization/roleDefinitions/d559d72b-06ec-324e-2a03-d209ae855386",
            "name": "access-to-azure-blob",
            "permissions": [
              {
                "actions": [
                  "Microsoft.Storage/storageAccounts/blobServices/containers/read"
                ],
                "data_actions": [
                  "Microsoft.Storage/storageAccounts/blobServices/containers/blobs/read",
                  "Microsoft.Storage/storageAccounts/blobServices/containers/blobs/write"
                ],
                "not_actions": [],
                "not_data_actions": [
                  "Microsoft.Storage/storageAccounts/blobServices/containers/blobs/delete"
                ]
              }
            ],
            "role_definition_id": "d559d72b-06ec-324e-2a03-d209ae855386",
            "scope": "/subscriptions/285751f1-9dc0-436a-afb2-768c82ecaf4f"
          }
        }
      ]
    },
    {
      "mode": "managed",
      "type": "azurerm_storage_account",
      "name": "trainingsa",
      "provider": "provider.azurerm",
      "instances": [
        {
          "schema_version": 2,
          "attributes": {
            "access_tier": "",
            "account_encryption_source": "Microsoft.Storage",
            "account_kind": "Storage",
            "account_replication_type": "LRS",
            "account_tier": "Standard",
            "account_type": "Standard_LRS",
            "custom_domain": [],
            "enable_blob_encryption": true,
            "enable_file_encryption": true,
            "enable_https_traffic_only": false,
            "id": "/subscriptions/285751f1-9dc0-436a-afb2-768c82ecaf4f/resourceGroups/demoDevOps_RG/providers/Microsoft.Storage/storageAccounts/trainingsawgm2h",
            "identity": [],
            "is_hns_enabled": false,
            "location": "northeurope",
            "name": "trainingsawgm2h",
            "network_rules": [],
            "primary_access_key": "EL5/5gJN4XxqX4Grbo4vfYW8nsW2tKM42o4+OHLs2WUB2pUu9qhaUo5rRtqPyJZpl2dJ1ZCyofxKd5ZZqWjqxA==",
            "primary_blob_connection_string": "DefaultEndpointsProtocol=https;BlobEndpoint=https://trainingsawgm2h.blob.core.windows.net/;AccountName=trainingsawgm2h;AccountKey=EL5/5gJN4XxqX4Grbo4vfYW8nsW2tKM42o4+OHLs2WUB2pUu9qhaUo5rRtqPyJZpl2dJ1ZCyofxKd5ZZqWjqxA==",
            "primary_blob_endpoint": "https://trainingsawgm2h.blob.core.windows.net/",
            "primary_blob_host": "trainingsawgm2h.blob.core.windows.net",
            "primary_connection_string": "DefaultEndpointsProtocol=https;AccountName=trainingsawgm2h;AccountKey=EL5/5gJN4XxqX4Grbo4vfYW8nsW2tKM42o4+OHLs2WUB2pUu9qhaUo5rRtqPyJZpl2dJ1ZCyofxKd5ZZqWjqxA==;EndpointSuffix=core.windows.net",
            "primary_dfs_endpoint": "",
            "primary_dfs_host": "",
            "primary_file_endpoint": "https://trainingsawgm2h.file.core.windows.net/",
            "primary_file_host": "trainingsawgm2h.file.core.windows.net",
            "primary_location": "northeurope",
            "primary_queue_endpoint": "https://trainingsawgm2h.queue.core.windows.net/",
            "primary_queue_host": "trainingsawgm2h.queue.core.windows.net",
            "primary_table_endpoint": "https://trainingsawgm2h.table.core.windows.net/",
            "primary_table_host": "trainingsawgm2h.table.core.windows.net",
            "primary_web_endpoint": "",
            "primary_web_host": "",
            "resource_group_name": "demoDevOps_RG",
            "secondary_access_key": "o/0Ozrn+DcEs0WX0QusICCV0tLt+40h1+g2HgUUY2KerMn7rrxf8X6Y12UTsVgP4pSpYeZJyX97day4g/TOZcA==",
            "secondary_blob_connection_string": "",
            "secondary_blob_endpoint": null,
            "secondary_blob_host": null,
            "secondary_connection_string": "DefaultEndpointsProtocol=https;AccountName=trainingsawgm2h;AccountKey=o/0Ozrn+DcEs0WX0QusICCV0tLt+40h1+g2HgUUY2KerMn7rrxf8X6Y12UTsVgP4pSpYeZJyX97day4g/TOZcA==;EndpointSuffix=core.windows.net",
            "secondary_dfs_endpoint": null,
            "secondary_dfs_host": null,
            "secondary_file_endpoint": null,
            "secondary_file_host": null,
            "secondary_location": "",
            "secondary_queue_endpoint": null,
            "secondary_queue_host": null,
            "secondary_table_endpoint": null,
            "secondary_table_host": null,
            "secondary_web_endpoint": null,
            "secondary_web_host": null,
            "tags": {}
          },
          "private": "eyJzY2hlbWFfdmVyc2lvbiI6IjIifQ==",
          "dependencies": [
            "azurerm_resource_group.local_resource_group",
            "random_string.random-name"
          ]
        }
      ]
    },
    {
      "mode": "managed",
      "type": "azurerm_storage_blob",
      "name": "training-file",
      "provider": "provider.azurerm",
      "instances": []
    },
    {
      "mode": "managed",
      "type": "azurerm_subnet",
      "name": "local_subnet_1",
      "provider": "provider.azurerm",
      "instances": [
        {
          "schema_version": 0,
          "attributes": {
            "address_prefix": "10.0.0.0/28",
            "delegation": [],
            "id": "/subscriptions/285751f1-9dc0-436a-afb2-768c82ecaf4f/resourceGroups/demoDevOps_RG/providers/Microsoft.Network/virtualNetworks/VPC_TF/subnets/subnet1",
            "ip_configurations": [
              "/subscriptions/285751f1-9dc0-436a-afb2-768c82ecaf4f/resourceGroups/demoDevOps_RG/providers/Microsoft.Network/networkInterfaces/nic1/ipConfigurations/instance1"
            ],
            "name": "subnet1",
            "network_security_group_id": "",
            "resource_group_name": "demoDevOps_RG",
            "route_table_id": "",
            "service_endpoints": [],
            "virtual_network_name": "VPC_TF"
          },
          "dependencies": [
            "azurerm_resource_group.local_resource_group",
            "azurerm_virtual_network.local_virtual_network"
          ]
        }
      ]
    },
    {
      "mode": "managed",
      "type": "azurerm_virtual_machine",
      "name": "local_VM1",
      "provider": "provider.azurerm",
      "instances": [
        {
          "schema_version": 0,
          "attributes": {
            "availability_set_id": null,
            "boot_diagnostics": [],
            "delete_data_disks_on_termination": true,
            "delete_os_disk_on_termination": true,
            "id": "/subscriptions/285751f1-9dc0-436a-afb2-768c82ecaf4f/resourceGroups/demoDevOps_RG/providers/Microsoft.Compute/virtualMachines/VM1",
            "identity": [
              {
                "identity_ids": [],
                "principal_id": "0932eff1-8faf-4756-a4e7-cb1452829473",
                "type": "SystemAssigned"
              }
            ],
            "license_type": null,
            "location": "northeurope",
            "name": "VM1",
            "network_interface_ids": [
              "/subscriptions/285751f1-9dc0-436a-afb2-768c82ecaf4f/resourceGroups/demoDevOps_RG/providers/Microsoft.Network/networkInterfaces/nic1"
            ],
            "os_profile": [
              {
                "admin_password": "",
                "admin_username": "dede",
                "computer_name": "VM1",
                "custom_data": ""
              }
            ],
            "os_profile_linux_config": [
              {
                "disable_password_authentication": true,
                "ssh_keys": [
                  {
                    "key_data": "ssh-rsa AAAAB3NzaC1yc2EAAAADAQABAAACAQC6NPFQ4wsfgzcO8fMn+fYcZg4GxO8RkBiebvNwtwwwI+vF4i5hYsyrta87EjOkJgYCSF/yb1Tk0I35BHwYAXhiK8LlTHvqFHDeRM6C+C9sAJAMN2eZod6SG1lzZvjNrS7eW6w1mi3zvpwVZ7xxNUmxFySfD5FJw4wt2ky5dQk0PdfkjqsoHHPxPSsOUWXNSI6S4I4gfxVSYCaBCnXDpeDHhKYH2PUG/W4LH5VkZBzpPYhu4A6psD6/hjYnZp644c98ttUCfJ1m24+rCphbQRl5XSCMPSu4IPCoyxVwJHZS9eB2vBCI2iCNDIFD5J+uU/mmDiDzvQ5RgunQL+p3cbuMgDqNUq2tqSdz+TYbmX2BsWLmL1LU6vBfk5uEKIYJEkouNh7+IEVHYH6T6g0npd2eD3r08MsXxk8ZV0xycfPWGRUTMQoIZHOUkLdAaJj6FWVXdoD9fgTDYQY7lrO48QBPcpFRCnvLMYnh5HfZjejLR2g9Y+QcylE7A/m1hPBO6ZPbe8TuiHggZ4o91b70SMmA9UN2Ow+VSlbN/DjBykaSCVTSVVdCeyUcHLq8gyfVoo0awU6fU+yOoZ3nT2XfUjFaNPbmg0h6Fu03yaBQjOekgnS8ffeDm1PcD60giCX26sUphAwVfgYpBmmp33G1g70MTcFQ2/HSkwKvrlmsdXkqAQ== ozgurdede006@cc-6a60c79-65f5bcf446-xh984\n",
                    "path": "/home/dede/.ssh/authorized_keys"
                  }
                ]
              }
            ],
            "os_profile_secrets": [],
            "os_profile_windows_config": [],
            "plan": [],
            "primary_network_interface_id": null,
            "resource_group_name": "demoDevOps_RG",
            "storage_data_disk": [],
            "storage_image_reference": [
              {
                "id": "",
                "offer": "UbuntuServer",
                "publisher": "Canonical",
                "sku": "16.04-LTS",
                "version": "latest"
              }
            ],
            "storage_os_disk": [
              {
                "caching": "ReadWrite",
                "create_option": "FromImage",
                "disk_size_gb": 30,
                "image_uri": "",
                "managed_disk_id": "/subscriptions/285751f1-9dc0-436a-afb2-768c82ecaf4f/resourceGroups/demoDevOps_RG/providers/Microsoft.Compute/disks/myosdisk1",
                "managed_disk_type": "Standard_LRS",
                "name": "myosdisk1",
                "os_type": "Linux",
                "vhd_uri": "",
                "write_accelerator_enabled": false
              }
            ],
            "tags": {},
            "vm_size": "Standard_B1ls",
            "zones": []
          },
          "dependencies": [
            "azurerm_network_interface.local_nic",
            "azurerm_resource_group.local_resource_group"
          ]
        }
      ]
    },
    {
      "mode": "managed",
      "type": "azurerm_virtual_network",
      "name": "local_virtual_network",
      "provider": "provider.azurerm",
      "instances": [
        {
          "schema_version": 0,
          "attributes": {
            "address_space": [
              "10.0.0.0/25"
            ],
            "ddos_protection_plan": [],
            "dns_servers": [],
            "id": "/subscriptions/285751f1-9dc0-436a-afb2-768c82ecaf4f/resourceGroups/demoDevOps_RG/providers/Microsoft.Network/virtualNetworks/VPC_TF",
            "location": "northeurope",
            "name": "VPC_TF",
            "resource_group_name": "demoDevOps_RG",
            "subnet": [
              {
                "address_prefix": "10.0.0.0/28",
                "id": "/subscriptions/285751f1-9dc0-436a-afb2-768c82ecaf4f/resourceGroups/demoDevOps_RG/providers/Microsoft.Network/virtualNetworks/VPC_TF/subnets/subnet1",
                "name": "subnet1",
                "security_group": ""
              }
            ],
            "tags": {}
          },
          "dependencies": [
            "azurerm_resource_group.local_resource_group"
          ]
        }
      ]
    },
    {
      "mode": "managed",
      "type": "random_string",
      "name": "random-name",
      "provider": "provider.random",
      "instances": [
        {
          "schema_version": 1,
          "attributes": {
            "id": "wgm2h",
            "keepers": null,
            "length": 5,
            "lower": true,
            "min_lower": 0,
            "min_numeric": 0,
            "min_special": 0,
            "min_upper": 0,
            "number": true,
            "override_special": null,
            "result": "wgm2h",
            "special": false,
            "upper": false
          },
          "private": "eyJzY2hlbWFfdmVyc2lvbiI6IjEifQ=="
        }
      ]
    }
  ]
}
